{
  "name": "B-YEP-500-MPL-5-1-area-gabriel.knies",
  "lockfileVersion": 2,
  "requires": true,
  "packages": {
    "": {
      "dependencies": {
        "cordova-plugin-facebook4": "^6.4.0"
      }
    },
    "node_modules/cordova-plugin-facebook4": {
      "version": "6.4.0",
      "resolved": "https://registry.npmjs.org/cordova-plugin-facebook4/-/cordova-plugin-facebook4-6.4.0.tgz",
      "integrity": "sha512-uonmPVPR5glmJfQcMJeiMtqflJYTChrcSNouZDXWjWZkObq4lCOZzOL2cC6FBeyhj+1zJE+pFh+2WZL9wIlHIg==",
      "deprecated": "Package no longer maintained. Check https://github.com/jeduan/cordova-plugin-facebook4 for alternatives"
    }
  },
  "dependencies": {
    "cordova-plugin-facebook4": {
      "version": "6.4.0",
      "resolved": "https://registry.npmjs.org/cordova-plugin-facebook4/-/cordova-plugin-facebook4-6.4.0.tgz",
      "integrity": "sha512-uonmPVPR5glmJfQcMJeiMtqflJYTChrcSNouZDXWjWZkObq4lCOZzOL2cC6FBeyhj+1zJE+pFh+2WZL9wIlHIg=="
    }
  }
}
